// !$*UTF8*$!
{
	archiveVersion = 1;
	classes = {
	};
	objectVersion = 48;
	objects = {

/* Begin PBXBuildFile section */
		B311946E2051CED800C22F6F /* CodeMix.mm in Sources */ = {isa = PBXBuildFile; fileRef = B311946D2051CED800C22F6F /* CodeMix.mm */; };
		B3644E04204DD2CC00D698B2 /* AppDelegate.m in Sources */ = {isa = PBXBuildFile; fileRef = B3644E03204DD2CC00D698B2 /* AppDelegate.m */; };
		B3644E07204DD2CC00D698B2 /* ViewController.m in Sources */ = {isa = PBXBuildFile; fileRef = B3644E06204DD2CC00D698B2 /* ViewController.m */; };
		B3644E0A204DD2CC00D698B2 /* Main.storyboard in Resources */ = {isa = PBXBuildFile; fileRef = B3644E08204DD2CC00D698B2 /* Main.storyboard */; };
		B3644E0C204DD2CC00D698B2 /* Assets.xcassets in Resources */ = {isa = PBXBuildFile; fileRef = B3644E0B204DD2CC00D698B2 /* Assets.xcassets */; };
		B3644E0F204DD2CC00D698B2 /* LaunchScreen.storyboard in Resources */ = {isa = PBXBuildFile; fileRef = B3644E0D204DD2CC00D698B2 /* LaunchScreen.storyboard */; };
		B3644E12204DD2CD00D698B2 /* main.m in Sources */ = {isa = PBXBuildFile; fileRef = B3644E11204DD2CD00D698B2 /* main.m */; };
		B3644E1C204DD7CF00D698B2 /* maze.cpp in Sources */ = {isa = PBXBuildFile; fileRef = B3644E19204DD7CE00D698B2 /* maze.cpp */; };
		B3644E1D204DD7CF00D698B2 /* DisjointSet.cpp in Sources */ = {isa = PBXBuildFile; fileRef = B3644E1A204DD7CF00D698B2 /* DisjointSet.cpp */; };
		B3644E22204DFD1300D698B2 /* CodeMix.h in Sources */ = {isa = PBXBuildFile; fileRef = B3644E21204DFD1300D698B2 /* CodeMix.h */; };
/* End PBXBuildFile section */

/* Begin PBXFileReference section */
		B311946D2051CED800C22F6F /* CodeMix.mm */ = {isa = PBXFileReference; lastKnownFileType = sourcecode.cpp.objcpp; path = CodeMix.mm; sourceTree = "<group>"; };
		B3644DFF204DD2CC00D698B2 /* Assignment2.app */ = {isa = PBXFileReference; explicitFileType = wrapper.application; includeInIndex = 0; path = Assignment2.app; sourceTree = BUILT_PRODUCTS_DIR; };
		B3644E02204DD2CC00D698B2 /* AppDelegate.h */ = {isa = PBXFileReference; lastKnownFileType = sourcecode.c.h; path = AppDelegate.h; sourceTree = "<group>"; };
		B3644E03204DD2CC00D698B2 /* AppDelegate.m */ = {isa = PBXFileReference; lastKnownFileType = sourcecode.c.objc; path = AppDelegate.m; sourceTree = "<group>"; };
		B3644E05204DD2CC00D698B2 /* ViewController.h */ = {isa = PBXFileReference; lastKnownFileType = sourcecode.c.h; path = ViewController.h; sourceTree = "<group>"; };
		B3644E06204DD2CC00D698B2 /* ViewController.m */ = {isa = PBXFileReference; lastKnownFileType = sourcecode.c.objc; path = ViewController.m; sourceTree = "<group>"; };
		B3644E09204DD2CC00D698B2 /* Base */ = {isa = PBXFileReference; lastKnownFileType = file.storyboard; name = Base; path = Base.lproj/Main.storyboard; sourceTree = "<group>"; };
		B3644E0B204DD2CC00D698B2 /* Assets.xcassets */ = {isa = PBXFileReference; lastKnownFileType = folder.assetcatalog; path = Assets.xcassets; sourceTree = "<group>"; };
		B3644E0E204DD2CC00D698B2 /* Base */ = {isa = PBXFileReference; lastKnownFileType = file.storyboard; name = Base; path = Base.lproj/LaunchScreen.storyboard; sourceTree = "<group>"; };
		B3644E10204DD2CC00D698B2 /* Info.plist */ = {isa = PBXFileReference; lastKnownFileType = text.plist.xml; path = Info.plist; sourceTree = "<group>"; };
		B3644E11204DD2CD00D698B2 /* main.m */ = {isa = PBXFileReference; lastKnownFileType = sourcecode.c.objc; path = main.m; sourceTree = "<group>"; };
		B3644E18204DD7CE00D698B2 /* DisjointSet.h */ = {isa = PBXFileReference; fileEncoding = 4; lastKnownFileType = sourcecode.c.h; path = DisjointSet.h; sourceTree = "<group>"; };
		B3644E19204DD7CE00D698B2 /* maze.cpp */ = {isa = PBXFileReference; fileEncoding = 4; lastKnownFileType = sourcecode.cpp.cpp; path = maze.cpp; sourceTree = "<group>"; };
		B3644E1A204DD7CF00D698B2 /* DisjointSet.cpp */ = {isa = PBXFileReference; fileEncoding = 4; lastKnownFileType = sourcecode.cpp.cpp; path = DisjointSet.cpp; sourceTree = "<group>"; };
		B3644E1B204DD7CF00D698B2 /* maze.h */ = {isa = PBXFileReference; fileEncoding = 4; lastKnownFileType = sourcecode.c.h; path = maze.h; sourceTree = "<group>"; };
		B3644E21204DFD1300D698B2 /* CodeMix.h */ = {isa = PBXFileReference; lastKnownFileType = sourcecode.c.h; path = CodeMix.h; sourceTree = "<group>"; };
/* End PBXFileReference section */

/* Begin PBXFrameworksBuildPhase section */
		B3644DFC204DD2CC00D698B2 /* Frameworks */ = {
			isa = PBXFrameworksBuildPhase;
			buildActionMask = 2147483647;
			files = (
			);
			runOnlyForDeploymentPostprocessing = 0;
		};
/* End PBXFrameworksBuildPhase section */

/* Begin PBXGroup section */
		B3644DF6204DD2CC00D698B2 = {
			isa = PBXGroup;
			children = (
				B3644E01204DD2CC00D698B2 /* Assignment2 */,
				B3644E00204DD2CC00D698B2 /* Products */,
			);
			sourceTree = "<group>";
		};
		B3644E00204DD2CC00D698B2 /* Products */ = {
			isa = PBXGroup;
			children = (
				B3644DFF204DD2CC00D698B2 /* Assignment2.app */,
			);
			name = Products;
			sourceTree = "<group>";
		};
		B3644E01204DD2CC00D698B2 /* Assignment2 */ = {
			isa = PBXGroup;
			children = (
				B3644E02204DD2CC00D698B2 /* AppDelegate.h */,
				B3644E03204DD2CC00D698B2 /* AppDelegate.m */,
				B3644E05204DD2CC00D698B2 /* ViewController.h */,
				B3644E06204DD2CC00D698B2 /* ViewController.m */,
				B3644E08204DD2CC00D698B2 /* Main.storyboard */,
				B3644E0B204DD2CC00D698B2 /* Assets.xcassets */,
				B3644E0D204DD2CC00D698B2 /* LaunchScreen.storyboard */,
				B3644E10204DD2CC00D698B2 /* Info.plist */,
				B3644E11204DD2CD00D698B2 /* main.m */,
				B3644E1A204DD7CF00D698B2 /* DisjointSet.cpp */,
				B3644E18204DD7CE00D698B2 /* DisjointSet.h */,
				B3644E19204DD7CE00D698B2 /* maze.cpp */,
				B3644E1B204DD7CF00D698B2 /* maze.h */,
				B3644E21204DFD1300D698B2 /* CodeMix.h */,
				B311946D2051CED800C22F6F /* CodeMix.mm */,
			);
			path = Assignment2;
			sourceTree = "<group>";
		};
/* End PBXGroup section */

/* Begin PBXNativeTarget section */
		B3644DFE204DD2CC00D698B2 /* Assignment2 */ = {
			isa = PBXNativeTarget;
			buildConfigurationList = B3644E15204DD2CD00D698B2 /* Build configuration list for PBXNativeTarget "Assignment2" */;
			buildPhases = (
				B3644DFB204DD2CC00D698B2 /* Sources */,
				B3644DFC204DD2CC00D698B2 /* Frameworks */,
				B3644DFD204DD2CC00D698B2 /* Resources */,
			);
			buildRules = (
			);
			dependencies = (
			);
			name = Assignment2;
			productName = Assignment2;
			productReference = B3644DFF204DD2CC00D698B2 /* Assignment2.app */;
			productType = "com.apple.product-type.application";
		};
/* End PBXNativeTarget section */

/* Begin PBXProject section */
		B3644DF7204DD2CC00D698B2 /* Project object */ = {
			isa = PBXProject;
			attributes = {
				LastUpgradeCheck = 0920;
				ORGANIZATIONNAME = Simon;
				TargetAttributes = {
					B3644DFE204DD2CC00D698B2 = {
						CreatedOnToolsVersion = 9.2;
						ProvisioningStyle = Automatic;
					};
				};
			};
			buildConfigurationList = B3644DFA204DD2CC00D698B2 /* Build configuration list for PBXProject "Assignment2" */;
			compatibilityVersion = "Xcode 8.0";
			developmentRegion = en;
			hasScannedForEncodings = 0;
			knownRegions = (
				en,
				Base,
			);
			mainGroup = B3644DF6204DD2CC00D698B2;
			productRefGroup = B3644E00204DD2CC00D698B2 /* Products */;
			projectDirPath = "";
			projectRoot = "";
			targets = (
				B3644DFE204DD2CC00D698B2 /* Assignment2 */,
			);
		};
/* End PBXProject section */

/* Begin PBXResourcesBuildPhase section */
		B3644DFD204DD2CC00D698B2 /* Resources */ = {
			isa = PBXResourcesBuildPhase;
			buildActionMask = 2147483647;
			files = (
				B3644E0F204DD2CC00D698B2 /* LaunchScreen.storyboard in Resources */,
				B3644E0C204DD2CC00D698B2 /* Assets.xcassets in Resources */,
				B3644E0A204DD2CC00D698B2 /* Main.storyboard in Resources */,
			);
			runOnlyForDeploymentPostprocessing = 0;
		};
/* End PBXResourcesBuildPhase section */

/* Begin PBXSourcesBuildPhase section */
		B3644DFB204DD2CC00D698B2 /* Sources */ = {
			isa = PBXSourcesBuildPhase;
			buildActionMask = 2147483647;
			files = (
				B3644E07204DD2CC00D698B2 /* ViewController.m in Sources */,
				B3644E22204DFD1300D698B2 /* CodeMix.h in Sources */,
				B3644E12204DD2CD00D698B2 /* main.m in Sources */,
				B3644E1C204DD7CF00D698B2 /* maze.cpp in Sources */,
				B3644E04204DD2CC00D698B2 /* AppDelegate.m in Sources */,
				B311946E2051CED800C22F6F /* CodeMix.mm in Sources */,
				B3644E1D204DD7CF00D698B2 /* DisjointSet.cpp in Sources */,
			);
			runOnlyForDeploymentPostprocessing = 0;
		};
/* End PBXSourcesBuildPhase section */

/* Begin PBXVariantGroup section */
		B3644E08204DD2CC00D698B2 /* Main.storyboard */ = {
			isa = PBXVariantGroup;
			children = (
				B3644E09204DD2CC00D698B2 /* Base */,
			);
			name = Main.storyboard;
			sourceTree = "<group>";
		};
		B3644E0D204DD2CC00D698B2 /* LaunchScreen.storyboard */ = {
			isa = PBXVariantGroup;
			children = (
				B3644E0E204DD2CC00D698B2 /* Base */,
			);
			name = LaunchScreen.storyboard;
			sourceTree = "<group>";
		};
/* End PBXVariantGroup section */

/* Begin XCBuildConfiguration section */
		B3644E13204DD2CD00D698B2 /* Debug */ = {
			isa = XCBuildConfiguration;
			buildSettings = {
				ALWAYS_SEARCH_USER_PATHS = NO;
				CLANG_ANALYZER_NONNULL = YES;
				CLANG_ANALYZER_NUMBER_OBJECT_CONVERSION = YES_AGGRESSIVE;
				CLANG_CXX_LANGUAGE_STANDARD = "gnu++14";
				CLANG_CXX_LIBRARY = "libc++";
				CLANG_ENABLE_MODULES = YES;
				CLANG_ENABLE_OBJC_ARC = YES;
				CLANG_WARN_BLOCK_CAPTURE_AUTORELEASING = YES;
				CLANG_WARN_BOOL_CONVERSION = YES;
				CLANG_WARN_COMMA = YES;
				CLANG_WARN_CONSTANT_CONVERSION = YES;
				CLANG_WARN_DIRECT_OBJC_ISA_USAGE = YES_ERROR;
				CLANG_WARN_DOCUMENTATION_COMMENTS = YES;
				CLANG_WARN_EMPTY_BODY = YES;
				CLANG_WARN_ENUM_CONVERSION = YES;
				CLANG_WARN_INFINITE_RECURSION = YES;
				CLANG_WARN_INT_CONVERSION = YES;
				CLANG_WARN_NON_LITERAL_NULL_CONVERSION = YES;
				CLANG_WARN_OBJC_LITERAL_CONVERSION = YES;
				CLANG_WARN_OBJC_ROOT_CLASS = YES_ERROR;
				CLANG_WARN_RANGE_LOOP_ANALYSIS = YES;
				CLANG_WARN_STRICT_PROTOTYPES = YES;
				CLANG_WARN_SUSPICIOUS_MOVE = YES;
				CLANG_WARN_UNGUARDED_AVAILABILITY = YES_AGGRESSIVE;
				CLANG_WARN_UNREACHABLE_CODE = YES;
				CLANG_WARN__DUPLICATE_METHOD_MATCH = YES;
				CODE_SIGN_IDENTITY = "iPhone Developer";
				COPY_PHASE_STRIP = NO;
				DEBUG_INFORMATION_FORMAT = dwarf;
				ENABLE_STRICT_OBJC_MSGSEND = YES;
				ENABLE_TESTABILITY = YES;
				GCC_C_LANGUAGE_STANDARD = gnu11;
				GCC_DYNAMIC_NO_PIC = NO;
				GCC_NO_COMMON_BLOCKS = YES;
				GCC_OPTIMIZATION_LEVEL = 0;
				GCC_PREPROCESSOR_DEFINITIONS = (
					"DEBUG=1",
					"$(inherited)",
				);
				GCC_WARN_64_TO_32_BIT_CONVERSION = YES;
				GCC_WARN_ABOUT_RETURN_TYPE = YES_ERROR;
				GCC_WARN_UNDECLARED_SELECTOR = YES;
				GCC_WARN_UNINITIALIZED_AUTOS = YES_AGGRESSIVE;
				GCC_WARN_UNUSED_FUNCTION = YES;
				GCC_WARN_UNUSED_VARIABLE = YES;
				IPHONEOS_DEPLOYMENT_TARGET = 11.2;
				MTL_ENABLE_DEBUG_INFO = YES;
				ONLY_ACTIVE_ARCH = YES;
				SDKROOT = iphoneos;
			};
			name = Debug;
		};
		B3644E14204DD2CD00D698B2 /* Release */ = {
			isa = XCBuildConfiguration;
			buildSettings = {
				ALWAYS_SEARCH_USER_PATHS = NO;
				CLANG_ANALYZER_NONNULL = YES;
				CLANG_ANALYZER_NUMBER_OBJECT_CONVERSION = YES_AGGRESSIVE;
				CLANG_CXX_LANGUAGE_STANDARD = "gnu++14";
				CLANG_CXX_LIBRARY = "libc++";
				CLANG_ENABLE_MODULES = YES;
				CLANG_ENABLE_OBJC_ARC = YES;
				CLANG_WARN_BLOCK_CAPTURE_AUTORELEASING = YES;
				CLANG_WARN_BOOL_CONVERSION = YES;
				CLANG_WARN_COMMA = YES;
				CLANG_WARN_CONSTANT_CONVERSION = YES;
				CLANG_WARN_DIRECT_OBJC_ISA_USAGE = YES_ERROR;
				CLANG_WARN_DOCUMENTATION_COMMENTS = YES;
				CLANG_WARN_EMPTY_BODY = YES;
				CLANG_WARN_ENUM_CONVERSION = YES;
				CLANG_WARN_INFINITE_RECURSION = YES;
				CLANG_WARN_INT_CONVERSION = YES;
				CLANG_WARN_NON_LITERAL_NULL_CONVERSION = YES;
				CLANG_WARN_OBJC_LITERAL_CONVERSION = YES;
				CLANG_WARN_OBJC_ROOT_CLASS = YES_ERROR;
				CLANG_WARN_RANGE_LOOP_ANALYSIS = YES;
				CLANG_WARN_STRICT_PROTOTYPES = YES;
				CLANG_WARN_SUSPICIOUS_MOVE = YES;
				CLANG_WARN_UNGUARDED_AVAILABILITY = YES_AGGRESSIVE;
				CLANG_WARN_UNREACHABLE_CODE = YES;
				CLANG_WARN__DUPLICATE_METHOD_MATCH = YES;
				CODE_SIGN_IDENTITY = "iPhone Developer";
				COPY_PHASE_STRIP = NO;
				DEBUG_INFORMATION_FORMAT = "dwarf-with-dsym";
				ENABLE_NS_ASSERTIONS = NO;
				ENABLE_STRICT_OBJC_MSGSEND = YES;
				GCC_C_LANGUAGE_STANDARD = gnu11;
				GCC_NO_COMMON_BLOCKS = YES;
				GCC_WARN_64_TO_32_BIT_CONVERSION = YES;
				GCC_WARN_ABOUT_RETURN_TYPE = YES_ERROR;
				GCC_WARN_UNDECLARED_SELECTOR = YES;
				GCC_WARN_UNINITIALIZED_AUTOS = YES_AGGRESSIVE;
				GCC_WARN_UNUSED_FUNCTION = YES;
				GCC_WARN_UNUSED_VARIABLE = YES;
				IPHONEOS_DEPLOYMENT_TARGET = 11.2;
				MTL_ENABLE_DEBUG_INFO = NO;
				SDKROOT = iphoneos;
				VALIDATE_PRODUCT = YES;
			};
			name = Release;
		};
		B3644E16204DD2CD00D698B2 /* Debug */ = {
			isa = XCBuildConfiguration;
			buildSettings = {
				ASSETCATALOG_COMPILER_APPICON_NAME = AppIcon;
				CODE_SIGN_STYLE = Automatic;
				DEVELOPMENT_TEAM = B47PDKL742;
				INFOPLIST_FILE = Assignment2/Info.plist;
				LD_RUNPATH_SEARCH_PATHS = "$(inherited) @executable_path/Frameworks";
				PRODUCT_BUNDLE_IDENTIFIER = btechgames.bcit.Assignment2;
				PRODUCT_NAME = "$(TARGET_NAME)";
				TARGETED_DEVICE_FAMILY = "1,2";
			};
			name = Debug;
		};
		B3644E17204DD2CD00D698B2 /* Release */ = {
			isa = XCBuildConfiguration;
			buildSettings = {
				ASSETCATALOG_COMPILER_APPICON_NAME = AppIcon;
				CODE_SIGN_STYLE = Automatic;
				DEVELOPMENT_TEAM = B47PDKL742;
				INFOPLIST_FILE = Assignment2/Info.plist;
				LD_RUNPATH_SEARCH_PATHS = "$(inherited) @executable_path/Frameworks";
				PRODUCT_BUNDLE_IDENTIFIER = btechgames.bcit.Assignment2;
				PRODUCT_NAME = "$(TARGET_NAME)";
				TARGETED_DEVICE_FAMILY = "1,2";
			};
			name = Release;
		};
/* End XCBuildConfiguration section */

/* Begin XCConfigurationList section */
		B3644DFA204DD2CC00D698B2 /* Build configuration list for PBXProject "Assignment2" */ = {
			isa = XCConfigurationList;
			buildConfigurations = (
				B3644E13204DD2CD00D698B2 /* Debug */,
				B3644E14204DD2CD00D698B2 /* Release */,
			);
			defaultConfigurationIsVisible = 0;
			defaultConfigurationName = Release;
		};
		B3644E15204DD2CD00D698B2 /* Build configuration list for PBXNativeTarget "Assignment2" */ = {
			isa = XCConfigurationList;
			buildConfigurations = (
				B3644E16204DD2CD00D698B2 /* Debug */,
				B3644E17204DD2CD00D698B2 /* Release */,
			);
			defaultConfigurationIsVisible = 0;
			defaultConfigurationName = Release;
		};
/* End XCConfigurationList section */
	};
	rootObject = B3644DF7204DD2CC00D698B2 /* Project object */;
}
